
Microsoft Visual Studio Solution File, Format Version 12.00
# Visual Studio Version 17
VisualStudioVersion = 17.2.32630.192
MinimumVisualStudioVersion = 10.0.40219.1
Project("{9A19103F-16F7-4668-BE54-9A1E7A4F7556}") = "SisVet.Model", "SisVet.Model\SisVet.Model.csproj", "{091832C7-BA44-4488-AAF9-FFB706FA95D7}"
EndProject
Project("{FAE04EC0-301F-11D3-BF4B-00C04F79EFBC}") = "SisVet.Repository", "SisVet.Repository\SisVet.Repository.csproj", "{1EE79FAC-84DD-475F-A6B6-D761A5DB6031}"
EndProject
Global
	GlobalSection(SolutionConfigurationPlatforms) = preSolution
		Debug|Any CPU = Debug|Any CPU
		Release|Any CPU = Release|Any CPU
	EndGlobalSection
	GlobalSection(ProjectConfigurationPlatforms) = postSolution
		{091832C7-BA44-4488-AAF9-FFB706FA95D7}.Debug|Any CPU.ActiveCfg = Debug|Any CPU
		{091832C7-BA44-4488-AAF9-FFB706FA95D7}.Debug|Any CPU.Build.0 = Debug|Any CPU
		{091832C7-BA44-4488-AAF9-FFB706FA95D7}.Release|Any CPU.ActiveCfg = Release|Any CPU
		{091832C7-BA44-4488-AAF9-FFB706FA95D7}.Release|Any CPU.Build.0 = Release|Any CPU
		{1EE79FAC-84DD-475F-A6B6-D761A5DB6031}.Debug|Any CPU.ActiveCfg = Debug|Any CPU
		{1EE79FAC-84DD-475F-A6B6-D761A5DB6031}.Debug|Any CPU.Build.0 = Debug|Any CPU
		{1EE79FAC-84DD-475F-A6B6-D761A5DB6031}.Release|Any CPU.ActiveCfg = Release|Any CPU
		{1EE79FAC-84DD-475F-A6B6-D761A5DB6031}.Release|Any CPU.Build.0 = Release|Any CPU
	EndGlobalSection
	GlobalSection(SolutionProperties) = preSolution
		HideSolutionNode = FALSE
	EndGlobalSection
	GlobalSection(ExtensibilityGlobals) = postSolution
		SolutionGuid = {9F5AB994-FE1D-4BFB-BE97-AAA26D57B761}
	EndGlobalSection
EndGlobal
